
Microsoft Visual Studio Solution File, Format Version 12.00
# Visual Studio Version 17
VisualStudioVersion = 17.10.35122.118
MinimumVisualStudioVersion = 10.0.40219.1
Project("{FAE04EC0-301F-11D3-BF4B-00C04F79EFBC}") = "Esame", "Esame\Esame.csproj", "{4DEC3421-F601-4434-8AF2-768B92C1BCE4}"
EndProject
Global
	GlobalSection(SolutionConfigurationPlatforms) = preSolution
		Debug|Any CPU = Debug|Any CPU
		Release|Any CPU = Release|Any CPU
	EndGlobalSection
	GlobalSection(ProjectConfigurationPlatforms) = postSolution
		{4DEC3421-F601-4434-8AF2-768B92C1BCE4}.Debug|Any CPU.ActiveCfg = Debug|Any CPU
		{4DEC3421-F601-4434-8AF2-768B92C1BCE4}.Debug|Any CPU.Build.0 = Debug|Any CPU
		{4DEC3421-F601-4434-8AF2-768B92C1BCE4}.Debug|Any CPU.Deploy.0 = Debug|Any CPU
		{4DEC3421-F601-4434-8AF2-768B92C1BCE4}.Release|Any CPU.ActiveCfg = Release|Any CPU
		{4DEC3421-F601-4434-8AF2-768B92C1BCE4}.Release|Any CPU.Build.0 = Release|Any CPU
		{4DEC3421-F601-4434-8AF2-768B92C1BCE4}.Release|Any CPU.Deploy.0 = Release|Any CPU
	EndGlobalSection
	GlobalSection(SolutionProperties) = preSolution
		HideSolutionNode = FALSE
	EndGlobalSection
	GlobalSection(ExtensibilityGlobals) = postSolution
		SolutionGuid = {7D62288F-5787-4056-A986-4E1B713B8CD6}
	EndGlobalSection
EndGlobal
